<?xml version="1.0" encoding="utf-8"?>
<Project ToolsVersion="4.0" xmlns="http://schemas.microsoft.com/developer/msbuild/2003">
  <ItemGroup>
    <Filter Include="Source Files">
      <UniqueIdentifier>{4FC737F1-C7A5-4376-A066-2A32D752A2FF}</UniqueIdentifier>
      <Extensions>cpp;c;cc;cxx;c++;cppm;ixx;def;odl;idl;hpj;bat;asm;asmx</Extensions>
    </Filter>
    <Filter Include="Header Files">
      <UniqueIdentifier>{93995380-89BD-4b04-88EB-625FBE52EBFB}</UniqueIdentifier>
      <Extensions>h;hh;hpp;hxx;h++;hm;inl;inc;ipp;xsd</Extensions>
    </Filter>
    <Filter Include="Resource Files">
      <UniqueIdentifier>{67DA6AB6-F800-4c08-8B7A-83BB121AAD01}</UniqueIdentifier>
      <Extensions>rc;ico;cur;bmp;dlg;rc2;rct;bin;rgs;gif;jpg;jpeg;jpe;resx;tiff;tif;png;wav;mfcribbon-ms</Extensions>
    </Filter>
    <Filter Include="Source Files\tema2">
      <UniqueIdentifier>{a53a912f-1330-4208-87da-89ab06b0e4aa}</UniqueIdentifier>
    </Filter>
    <Filter Include="Source Files\tema3">
      <UniqueIdentifier>{62e1cbf6-b93a-4b46-a120-4efadd700e46}</UniqueIdentifier>
    </Filter>
    <Filter Include="Source Files\tema4">
      <UniqueIdentifier>{91118c86-b264-4059-a3f4-8490fbb0c753}</UniqueIdentifier>
    </Filter>
  </ItemGroup>
  <ItemGroup>
    <ClCompile Include="Source.c">
      <Filter>Source Files</Filter>
    </ClCompile>
    <ClCompile Include="Exemplo01.c">
      <Filter>Source Files</Filter>
    </ClCompile>
    <ClCompile Include="almox1.c">
      <Filter>Source Files\tema2</Filter>
    </ClCompile>
    <ClCompile Include="almox2.c">
      <Filter>Source Files\tema2</Filter>
    </ClCompile>
    <ClCompile Include="almox3.c">
      <Filter>Source Files\tema2</Filter>
    </ClCompile>
    <ClCompile Include="Almox4.c">
      <Filter>Source Files\tema2</Filter>
    </ClCompile>
    <ClCompile Include="Almox5.c">
      <Filter>Source Files\tema2</Filter>
    </ClCompile>
    <ClCompile Include="Almox6.c">
      <Filter>Source Files\tema2</Filter>
    </ClCompile>
    <ClCompile Include="Almox7.c">
      <Filter>Source Files\tema2</Filter>
    </ClCompile>
    <ClCompile Include="solver2x.c">
      <Filter>Source Files\tema3</Filter>
    </ClCompile>
    <ClCompile Include="geom.c">
      <Filter>Source Files\tema3</Filter>
    </ClCompile>
    <ClCompile Include="stats.c">
      <Filter>Source Files\tema3</Filter>
    </ClCompile>
    <ClCompile Include="analise_mat.c">
      <Filter>Source Files\tema4</Filter>
    </ClCompile>
  </ItemGroup>
  <ItemGroup>
    <ClInclude Include="Source.h">
      <Filter>Header Files</Filter>
    </ClInclude>
    <ClInclude Include="Exemplo01.h">
      <Filter>Source Files</Filter>
    </ClInclude>
    <ClInclude Include="almox1.h">
      <Filter>Source Files\tema2</Filter>
    </ClInclude>
    <ClInclude Include="almox2.h">
      <Filter>Source Files\tema2</Filter>
    </ClInclude>
    <ClInclude Include="almox3.h">
      <Filter>Source Files\tema2</Filter>
    </ClInclude>
    <ClInclude Include="Almox4.h">
      <Filter>Source Files\tema2</Filter>
    </ClInclude>
    <ClInclude Include="Almox5.h">
      <Filter>Source Files\tema2</Filter>
    </ClInclude>
    <ClInclude Include="Almox6.h">
      <Filter>Source Files\tema2</Filter>
    </ClInclude>
    <ClInclude Include="Almox7.h">
      <Filter>Source Files\tema2</Filter>
    </ClInclude>
    <ClInclude Include="solver2x.h">
      <Filter>Source Files\tema3</Filter>
    </ClInclude>
    <ClInclude Include="geom.h">
      <Filter>Source Files\tema3</Filter>
    </ClInclude>
    <ClInclude Include="stats.h">
      <Filter>Source Files\tema3</Filter>
    </ClInclude>
    <ClInclude Include="analise_mat.h">
      <Filter>Source Files\tema4</Filter>
    </ClInclude>
  </ItemGroup>
</Project>